
Microsoft Visual Studio Solution File, Format Version 11.00
# Visual Studio 2010
Project("{FAE04EC0-301F-11D3-BF4B-00C04F79EFBC}") = "UnityEngine.TestRunner", "UnityEngine.TestRunner.csproj", "{a07c8616-f1d1-07c3-700d-53caa24887c9}"
EndProject
Project("{FAE04EC0-301F-11D3-BF4B-00C04F79EFBC}") = "Unity.Timeline", "Unity.Timeline.csproj", "{89b1165b-5611-6225-4c97-09a29a35e75d}"
EndProject
Project("{FAE04EC0-301F-11D3-BF4B-00C04F79EFBC}") = "UnityEngine.UI", "UnityEngine.UI.csproj", "{9c535f30-d745-2fc4-3805-d23ada1241a5}"
EndProject
Project("{FAE04EC0-301F-11D3-BF4B-00C04F79EFBC}") = "Unity.TextMeshPro", "Unity.TextMeshPro.csproj", "{5b42fe76-ea82-1b09-69a9-7757bd9d0cb8}"
EndProject
Project("{FAE04EC0-301F-11D3-BF4B-00C04F79EFBC}") = "Assembly-CSharp", "Assembly-CSharp.csproj", "{c58d24a9-7417-9b74-baf4-15b805c8a213}"
EndProject
Project("{FAE04EC0-301F-11D3-BF4B-00C04F79EFBC}") = "UnityEditor.TestRunner", "UnityEditor.TestRunner.csproj", "{0709269e-e281-ece4-178a-2f6c1d51e3d3}"
EndProject
Project("{FAE04EC0-301F-11D3-BF4B-00C04F79EFBC}") = "Unity.PlasticSCM.Editor", "Unity.PlasticSCM.Editor.csproj", "{8d897ff4-0ae7-b183-7486-eaeaab089fbe}"
EndProject
Project("{FAE04EC0-301F-11D3-BF4B-00C04F79EFBC}") = "UnityEditor.UI", "UnityEditor.UI.csproj", "{93101a3e-b81d-23f0-d8e4-e6690e42bf1f}"
EndProject
Project("{FAE04EC0-301F-11D3-BF4B-00C04F79EFBC}") = "Unity.Timeline.Editor", "Unity.Timeline.Editor.csproj", "{1b112c71-1f31-5440-333f-b172d78ccc12}"
EndProject
Project("{FAE04EC0-301F-11D3-BF4B-00C04F79EFBC}") = "Unity.VisualStudio.Editor", "Unity.VisualStudio.Editor.csproj", "{318aa012-0692-0b05-7bb7-dfc4a45c92fe}"
EndProject
Project("{FAE04EC0-301F-11D3-BF4B-00C04F79EFBC}") = "Unity.TextMeshPro.Editor", "Unity.TextMeshPro.Editor.csproj", "{6efcb27f-b2ea-4882-6502-50c2010d48b3}"
EndProject
Project("{FAE04EC0-301F-11D3-BF4B-00C04F79EFBC}") = "Unity.CollabProxy.Editor", "Unity.CollabProxy.Editor.csproj", "{0180bab6-31b7-b6e3-d8ab-17ad177349f3}"
EndProject
Project("{FAE04EC0-301F-11D3-BF4B-00C04F79EFBC}") = "Unity.Rider.Editor", "Unity.Rider.Editor.csproj", "{7b81fda2-e777-ade2-79f2-47bb3712ad76}"
EndProject
Project("{FAE04EC0-301F-11D3-BF4B-00C04F79EFBC}") = "Unity.VSCode.Editor", "Unity.VSCode.Editor.csproj", "{aca289ee-902e-235b-62bb-28a1f031a9e6}"
EndProject
Global
	GlobalSection(SolutionConfigurationPlatforms) = preSolution
		Debug|Any CPU = Debug|Any CPU
	EndGlobalSection
	GlobalSection(ProjectConfigurationPlatforms) = postSolution
		{a07c8616-f1d1-07c3-700d-53caa24887c9}.Debug|Any CPU.ActiveCfg = Debug|Any CPU
		{a07c8616-f1d1-07c3-700d-53caa24887c9}.Debug|Any CPU.Build.0 = Debug|Any CPU
		{89b1165b-5611-6225-4c97-09a29a35e75d}.Debug|Any CPU.ActiveCfg = Debug|Any CPU
		{89b1165b-5611-6225-4c97-09a29a35e75d}.Debug|Any CPU.Build.0 = Debug|Any CPU
		{9c535f30-d745-2fc4-3805-d23ada1241a5}.Debug|Any CPU.ActiveCfg = Debug|Any CPU
		{9c535f30-d745-2fc4-3805-d23ada1241a5}.Debug|Any CPU.Build.0 = Debug|Any CPU
		{5b42fe76-ea82-1b09-69a9-7757bd9d0cb8}.Debug|Any CPU.ActiveCfg = Debug|Any CPU
		{5b42fe76-ea82-1b09-69a9-7757bd9d0cb8}.Debug|Any CPU.Build.0 = Debug|Any CPU
		{c58d24a9-7417-9b74-baf4-15b805c8a213}.Debug|Any CPU.ActiveCfg = Debug|Any CPU
		{c58d24a9-7417-9b74-baf4-15b805c8a213}.Debug|Any CPU.Build.0 = Debug|Any CPU
		{0709269e-e281-ece4-178a-2f6c1d51e3d3}.Debug|Any CPU.ActiveCfg = Debug|Any CPU
		{0709269e-e281-ece4-178a-2f6c1d51e3d3}.Debug|Any CPU.Build.0 = Debug|Any CPU
		{8d897ff4-0ae7-b183-7486-eaeaab089fbe}.Debug|Any CPU.ActiveCfg = Debug|Any CPU
		{8d897ff4-0ae7-b183-7486-eaeaab089fbe}.Debug|Any CPU.Build.0 = Debug|Any CPU
		{93101a3e-b81d-23f0-d8e4-e6690e42bf1f}.Debug|Any CPU.ActiveCfg = Debug|Any CPU
		{93101a3e-b81d-23f0-d8e4-e6690e42bf1f}.Debug|Any CPU.Build.0 = Debug|Any CPU
		{1b112c71-1f31-5440-333f-b172d78ccc12}.Debug|Any CPU.ActiveCfg = Debug|Any CPU
		{1b112c71-1f31-5440-333f-b172d78ccc12}.Debug|Any CPU.Build.0 = Debug|Any CPU
		{318aa012-0692-0b05-7bb7-dfc4a45c92fe}.Debug|Any CPU.ActiveCfg = Debug|Any CPU
		{318aa012-0692-0b05-7bb7-dfc4a45c92fe}.Debug|Any CPU.Build.0 = Debug|Any CPU
		{6efcb27f-b2ea-4882-6502-50c2010d48b3}.Debug|Any CPU.ActiveCfg = Debug|Any CPU
		{6efcb27f-b2ea-4882-6502-50c2010d48b3}.Debug|Any CPU.Build.0 = Debug|Any CPU
		{0180bab6-31b7-b6e3-d8ab-17ad177349f3}.Debug|Any CPU.ActiveCfg = Debug|Any CPU
		{0180bab6-31b7-b6e3-d8ab-17ad177349f3}.Debug|Any CPU.Build.0 = Debug|Any CPU
		{7b81fda2-e777-ade2-79f2-47bb3712ad76}.Debug|Any CPU.ActiveCfg = Debug|Any CPU
		{7b81fda2-e777-ade2-79f2-47bb3712ad76}.Debug|Any CPU.Build.0 = Debug|Any CPU
		{aca289ee-902e-235b-62bb-28a1f031a9e6}.Debug|Any CPU.ActiveCfg = Debug|Any CPU
		{aca289ee-902e-235b-62bb-28a1f031a9e6}.Debug|Any CPU.Build.0 = Debug|Any CPU
	EndGlobalSection
	GlobalSection(SolutionProperties) = preSolution
		HideSolutionNode = FALSE
	EndGlobalSection
EndGlobal
